
Microsoft Visual Studio Solution File, Format Version 12.00
# Visual Studio Version 17
VisualStudioVersion = 17.14.36203.30 d17.14
MinimumVisualStudioVersion = 10.0.40219.1
Project("{FAE04EC0-301F-11D3-BF4B-00C04F79EFBC}") = "DynamicTimeTable", "DynamicTimeTable\DynamicTimeTable.csproj", "{B5860FEF-4287-4A07-B66C-1D64AB5159D4}"
EndProject
Global
	GlobalSection(SolutionConfigurationPlatforms) = preSolution
		Debug|Any CPU = Debug|Any CPU
		Release|Any CPU = Release|Any CPU
	EndGlobalSection
	GlobalSection(ProjectConfigurationPlatforms) = postSolution
		{B5860FEF-4287-4A07-B66C-1D64AB5159D4}.Debug|Any CPU.ActiveCfg = Debug|Any CPU
		{B5860FEF-4287-4A07-B66C-1D64AB5159D4}.Debug|Any CPU.Build.0 = Debug|Any CPU
		{B5860FEF-4287-4A07-B66C-1D64AB5159D4}.Release|Any CPU.ActiveCfg = Release|Any CPU
		{B5860FEF-4287-4A07-B66C-1D64AB5159D4}.Release|Any CPU.Build.0 = Release|Any CPU
	EndGlobalSection
	GlobalSection(SolutionProperties) = preSolution
		HideSolutionNode = FALSE
	EndGlobalSection
	GlobalSection(ExtensibilityGlobals) = postSolution
		SolutionGuid = {BA4D2BA7-411C-450F-857B-706EBEC398F7}
	EndGlobalSection
EndGlobal
